// !$*UTF8*$!
{
	archiveVersion = 1;
	classes = {
	};
	objectVersion = 48;
	objects = {

/* Begin PBXBuildFile section */
		FB81EC351F79FB9D00F61C4E /* AppDelegate.m in Sources */ = {isa = PBXBuildFile; fileRef = FB81EC341F79FB9D00F61C4E /* AppDelegate.m */; };
		FB81EC381F79FB9D00F61C4E /* ViewController.m in Sources */ = {isa = PBXBuildFile; fileRef = FB81EC371F79FB9D00F61C4E /* ViewController.m */; };
		FB81EC3B1F79FB9D00F61C4E /* Main.storyboard in Resources */ = {isa = PBXBuildFile; fileRef = FB81EC391F79FB9D00F61C4E /* Main.storyboard */; };
		FB81EC3D1F79FB9D00F61C4E /* Assets.xcassets in Resources */ = {isa = PBXBuildFile; fileRef = FB81EC3C1F79FB9D00F61C4E /* Assets.xcassets */; };
		FB81EC401F79FB9D00F61C4E /* LaunchScreen.storyboard in Resources */ = {isa = PBXBuildFile; fileRef = FB81EC3E1F79FB9D00F61C4E /* LaunchScreen.storyboard */; };
		FB81EC431F79FB9D00F61C4E /* main.m in Sources */ = {isa = PBXBuildFile; fileRef = FB81EC421F79FB9D00F61C4E /* main.m */; };
		FB81EC4D1F79FB9D00F61C4E /* testUnitTestTests.m in Sources */ = {isa = PBXBuildFile; fileRef = FB81EC4C1F79FB9D00F61C4E /* testUnitTestTests.m */; };
		FB81EC581F79FB9D00F61C4E /* testUnitTestUITests.m in Sources */ = {isa = PBXBuildFile; fileRef = FB81EC571F79FB9D00F61C4E /* testUnitTestUITests.m */; };
/* End PBXBuildFile section */

/* Begin PBXContainerItemProxy section */
		FB81EC491F79FB9D00F61C4E /* PBXContainerItemProxy */ = {
			isa = PBXContainerItemProxy;
			containerPortal = FB81EC281F79FB9D00F61C4E /* Project object */;
			proxyType = 1;
			remoteGlobalIDString = FB81EC2F1F79FB9D00F61C4E;
			remoteInfo = testUnitTest;
		};
		FB81EC541F79FB9D00F61C4E /* PBXContainerItemProxy */ = {
			isa = PBXContainerItemProxy;
			containerPortal = FB81EC281F79FB9D00F61C4E /* Project object */;
			proxyType = 1;
			remoteGlobalIDString = FB81EC2F1F79FB9D00F61C4E;
			remoteInfo = testUnitTest;
		};
/* End PBXContainerItemProxy section */

/* Begin PBXFileReference section */
		FB81EC301F79FB9D00F61C4E /* testUnitTest.app */ = {isa = PBXFileReference; explicitFileType = wrapper.application; includeInIndex = 0; path = testUnitTest.app; sourceTree = BUILT_PRODUCTS_DIR; };
		FB81EC331F79FB9D00F61C4E /* AppDelegate.h */ = {isa = PBXFileReference; lastKnownFileType = sourcecode.c.h; path = AppDelegate.h; sourceTree = "<group>"; };
		FB81EC341F79FB9D00F61C4E /* AppDelegate.m */ = {isa = PBXFileReference; lastKnownFileType = sourcecode.c.objc; path = AppDelegate.m; sourceTree = "<group>"; };
		FB81EC361F79FB9D00F61C4E /* ViewController.h */ = {isa = PBXFileReference; lastKnownFileType = sourcecode.c.h; path = ViewController.h; sourceTree = "<group>"; };
		FB81EC371F79FB9D00F61C4E /* ViewController.m */ = {isa = PBXFileReference; lastKnownFileType = sourcecode.c.objc; path = ViewController.m; sourceTree = "<group>"; };
		FB81EC3A1F79FB9D00F61C4E /* Base */ = {isa = PBXFileReference; lastKnownFileType = file.storyboard; name = Base; path = Base.lproj/Main.storyboard; sourceTree = "<group>"; };
		FB81EC3C1F79FB9D00F61C4E /* Assets.xcassets */ = {isa = PBXFileReference; lastKnownFileType = folder.assetcatalog; path = Assets.xcassets; sourceTree = "<group>"; };
		FB81EC3F1F79FB9D00F61C4E /* Base */ = {isa = PBXFileReference; lastKnownFileType = file.storyboard; name = Base; path = Base.lproj/LaunchScreen.storyboard; sourceTree = "<group>"; };
		FB81EC411F79FB9D00F61C4E /* Info.plist */ = {isa = PBXFileReference; lastKnownFileType = text.plist.xml; path = Info.plist; sourceTree = "<group>"; };
		FB81EC421F79FB9D00F61C4E /* main.m */ = {isa = PBXFileReference; lastKnownFileType = sourcecode.c.objc; path = main.m; sourceTree = "<group>"; };
		FB81EC481F79FB9D00F61C4E /* testUnitTestTests.xctest */ = {isa = PBXFileReference; explicitFileType = wrapper.cfbundle; includeInIndex = 0; path = testUnitTestTests.xctest; sourceTree = BUILT_PRODUCTS_DIR; };
		FB81EC4C1F79FB9D00F61C4E /* testUnitTestTests.m */ = {isa = PBXFileReference; lastKnownFileType = sourcecode.c.objc; path = testUnitTestTests.m; sourceTree = "<group>"; };
		FB81EC4E1F79FB9D00F61C4E /* Info.plist */ = {isa = PBXFileReference; lastKnownFileType = text.plist.xml; path = Info.plist; sourceTree = "<group>"; };
		FB81EC531F79FB9D00F61C4E /* testUnitTestUITests.xctest */ = {isa = PBXFileReference; explicitFileType = wrapper.cfbundle; includeInIndex = 0; path = testUnitTestUITests.xctest; sourceTree = BUILT_PRODUCTS_DIR; };
		FB81EC571F79FB9D00F61C4E /* testUnitTestUITests.m */ = {isa = PBXFileReference; lastKnownFileType = sourcecode.c.objc; path = testUnitTestUITests.m; sourceTree = "<group>"; };
		FB81EC591F79FB9D00F61C4E /* Info.plist */ = {isa = PBXFileReference; lastKnownFileType = text.plist.xml; path = Info.plist; sourceTree = "<group>"; };
/* End PBXFileReference section */

/* Begin PBXFrameworksBuildPhase section */
		FB81EC2D1F79FB9D00F61C4E /* Frameworks */ = {
			isa = PBXFrameworksBuildPhase;
			buildActionMask = 2147483647;
			files = (
			);
			runOnlyForDeploymentPostprocessing = 0;
		};
		FB81EC451F79FB9D00F61C4E /* Frameworks */ = {
			isa = PBXFrameworksBuildPhase;
			buildActionMask = 2147483647;
			files = (
			);
			runOnlyForDeploymentPostprocessing = 0;
		};
		FB81EC501F79FB9D00F61C4E /* Frameworks */ = {
			isa = PBXFrameworksBuildPhase;
			buildActionMask = 2147483647;
			files = (
			);
			runOnlyForDeploymentPostprocessing = 0;
		};
/* End PBXFrameworksBuildPhase section */

/* Begin PBXGroup section */
		FB81EC271F79FB9D00F61C4E = {
			isa = PBXGroup;
			children = (
				FB81EC321F79FB9D00F61C4E /* testUnitTest */,
				FB81EC4B1F79FB9D00F61C4E /* testUnitTestTests */,
				FB81EC561F79FB9D00F61C4E /* testUnitTestUITests */,
				FB81EC311F79FB9D00F61C4E /* Products */,
			);
			sourceTree = "<group>";
		};
		FB81EC311F79FB9D00F61C4E /* Products */ = {
			isa = PBXGroup;
			children = (
				FB81EC301F79FB9D00F61C4E /* testUnitTest.app */,
				FB81EC481F79FB9D00F61C4E /* testUnitTestTests.xctest */,
				FB81EC531F79FB9D00F61C4E /* testUnitTestUITests.xctest */,
			);
			name = Products;
			sourceTree = "<group>";
		};
		FB81EC321F79FB9D00F61C4E /* testUnitTest */ = {
			isa = PBXGroup;
			children = (
				FB81EC331F79FB9D00F61C4E /* AppDelegate.h */,
				FB81EC341F79FB9D00F61C4E /* AppDelegate.m */,
				FB81EC361F79FB9D00F61C4E /* ViewController.h */,
				FB81EC371F79FB9D00F61C4E /* ViewController.m */,
				FB81EC391F79FB9D00F61C4E /* Main.storyboard */,
				FB81EC3C1F79FB9D00F61C4E /* Assets.xcassets */,
				FB81EC3E1F79FB9D00F61C4E /* LaunchScreen.storyboard */,
				FB81EC411F79FB9D00F61C4E /* Info.plist */,
				FB81EC421F79FB9D00F61C4E /* main.m */,
			);
			path = testUnitTest;
			sourceTree = "<group>";
		};
		FB81EC4B1F79FB9D00F61C4E /* testUnitTestTests */ = {
			isa = PBXGroup;
			children = (
				FB81EC4C1F79FB9D00F61C4E /* testUnitTestTests.m */,
				FB81EC4E1F79FB9D00F61C4E /* Info.plist */,
			);
			path = testUnitTestTests;
			sourceTree = "<group>";
		};
		FB81EC561F79FB9D00F61C4E /* testUnitTestUITests */ = {
			isa = PBXGroup;
			children = (
				FB81EC571F79FB9D00F61C4E /* testUnitTestUITests.m */,
				FB81EC591F79FB9D00F61C4E /* Info.plist */,
			);
			path = testUnitTestUITests;
			sourceTree = "<group>";
		};
/* End PBXGroup section */

/* Begin PBXNativeTarget section */
		FB81EC2F1F79FB9D00F61C4E /* testUnitTest */ = {
			isa = PBXNativeTarget;
			buildConfigurationList = FB81EC5C1F79FB9D00F61C4E /* Build configuration list for PBXNativeTarget "testUnitTest" */;
			buildPhases = (
				FB81EC2C1F79FB9D00F61C4E /* Sources */,
				FB81EC2D1F79FB9D00F61C4E /* Frameworks */,
				FB81EC2E1F79FB9D00F61C4E /* Resources */,
			);
			buildRules = (
			);
			dependencies = (
			);
			name = testUnitTest;
			productName = testUnitTest;
			productReference = FB81EC301F79FB9D00F61C4E /* testUnitTest.app */;
			productType = "com.apple.product-type.application";
		};
		FB81EC471F79FB9D00F61C4E /* testUnitTestTests */ = {
			isa = PBXNativeTarget;
			buildConfigurationList = FB81EC5F1F79FB9D00F61C4E /* Build configuration list for PBXNativeTarget "testUnitTestTests" */;
			buildPhases = (
				FB81EC441F79FB9D00F61C4E /* Sources */,
				FB81EC451F79FB9D00F61C4E /* Frameworks */,
				FB81EC461F79FB9D00F61C4E /* Resources */,
			);
			buildRules = (
			);
			dependencies = (
				FB81EC4A1F79FB9D00F61C4E /* PBXTargetDependency */,
			);
			name = testUnitTestTests;
			productName = testUnitTestTests;
			productReference = FB81EC481F79FB9D00F61C4E /* testUnitTestTests.xctest */;
			productType = "com.apple.product-type.bundle.unit-test";
		};
		FB81EC521F79FB9D00F61C4E /* testUnitTestUITests */ = {
			isa = PBXNativeTarget;
			buildConfigurationList = FB81EC621F79FB9D00F61C4E /* Build configuration list for PBXNativeTarget "testUnitTestUITests" */;
			buildPhases = (
				FB81EC4F1F79FB9D00F61C4E /* Sources */,
				FB81EC501F79FB9D00F61C4E /* Frameworks */,
				FB81EC511F79FB9D00F61C4E /* Resources */,
			);
			buildRules = (
			);
			dependencies = (
				FB81EC551F79FB9D00F61C4E /* PBXTargetDependency */,
			);
			name = testUnitTestUITests;
			productName = testUnitTestUITests;
			productReference = FB81EC531F79FB9D00F61C4E /* testUnitTestUITests.xctest */;
			productType = "com.apple.product-type.bundle.ui-testing";
		};
/* End PBXNativeTarget section */

/* Begin PBXProject section */
		FB81EC281F79FB9D00F61C4E /* Project object */ = {
			isa = PBXProject;
			attributes = {
				LastUpgradeCheck = 0900;
				ORGANIZATIONNAME = zhaoxu;
				TargetAttributes = {
					FB81EC2F1F79FB9D00F61C4E = {
						CreatedOnToolsVersion = 9.0;
						ProvisioningStyle = Automatic;
					};
					FB81EC471F79FB9D00F61C4E = {
						CreatedOnToolsVersion = 9.0;
						ProvisioningStyle = Automatic;
						TestTargetID = FB81EC2F1F79FB9D00F61C4E;
					};
					FB81EC521F79FB9D00F61C4E = {
						CreatedOnToolsVersion = 9.0;
						ProvisioningStyle = Automatic;
						TestTargetID = FB81EC2F1F79FB9D00F61C4E;
					};
				};
			};
			buildConfigurationList = FB81EC2B1F79FB9D00F61C4E /* Build configuration list for PBXProject "testUnitTest" */;
			compatibilityVersion = "Xcode 8.0";
			developmentRegion = en;
			hasScannedForEncodings = 0;
			knownRegions = (
				en,
				Base,
			);
			mainGroup = FB81EC271F79FB9D00F61C4E;
			productRefGroup = FB81EC311F79FB9D00F61C4E /* Products */;
			projectDirPath = "";
			projectRoot = "";
			targets = (
				FB81EC2F1F79FB9D00F61C4E /* testUnitTest */,
				FB81EC471F79FB9D00F61C4E /* testUnitTestTests */,
				FB81EC521F79FB9D00F61C4E /* testUnitTestUITests */,
			);
		};
/* End PBXProject section */

/* Begin PBXResourcesBuildPhase section */
		FB81EC2E1F79FB9D00F61C4E /* Resources */ = {
			isa = PBXResourcesBuildPhase;
			buildActionMask = 2147483647;
			files = (
				FB81EC401F79FB9D00F61C4E /* LaunchScreen.storyboard in Resources */,
				FB81EC3D1F79FB9D00F61C4E /* Assets.xcassets in Resources */,
				FB81EC3B1F79FB9D00F61C4E /* Main.storyboard in Resources */,
			);
			runOnlyForDeploymentPostprocessing = 0;
		};
		FB81EC461F79FB9D00F61C4E /* Resources */ = {
			isa = PBXResourcesBuildPhase;
			buildActionMask = 2147483647;
			files = (
			);
			runOnlyForDeploymentPostprocessing = 0;
		};
		FB81EC511F79FB9D00F61C4E /* Resources */ = {
			isa = PBXResourcesBuildPhase;
			buildActionMask = 2147483647;
			files = (
			);
			runOnlyForDeploymentPostprocessing = 0;
		};
/* End PBXResourcesBuildPhase section */

/* Begin PBXSourcesBuildPhase section */
		FB81EC2C1F79FB9D00F61C4E /* Sources */ = {
			isa = PBXSourcesBuildPhase;
			buildActionMask = 2147483647;
			files = (
				FB81EC381F79FB9D00F61C4E /* ViewController.m in Sources */,
				FB81EC431F79FB9D00F61C4E /* main.m in Sources */,
				FB81EC351F79FB9D00F61C4E /* AppDelegate.m in Sources */,
			);
			runOnlyForDeploymentPostprocessing = 0;
		};
		FB81EC441F79FB9D00F61C4E /* Sources */ = {
			isa = PBXSourcesBuildPhase;
			buildActionMask = 2147483647;
			files = (
				FB81EC4D1F79FB9D00F61C4E /* testUnitTestTests.m in Sources */,
			);
			runOnlyForDeploymentPostprocessing = 0;
		};
		FB81EC4F1F79FB9D00F61C4E /* Sources */ = {
			isa = PBXSourcesBuildPhase;
			buildActionMask = 2147483647;
			files = (
				FB81EC581F79FB9D00F61C4E /* testUnitTestUITests.m in Sources */,
			);
			runOnlyForDeploymentPostprocessing = 0;
		};
/* End PBXSourcesBuildPhase section */

/* Begin PBXTargetDependency section */
		FB81EC4A1F79FB9D00F61C4E /* PBXTargetDependency */ = {
			isa = PBXTargetDependency;
			target = FB81EC2F1F79FB9D00F61C4E /* testUnitTest */;
			targetProxy = FB81EC491F79FB9D00F61C4E /* PBXContainerItemProxy */;
		};
		FB81EC551F79FB9D00F61C4E /* PBXTargetDependency */ = {
			isa = PBXTargetDependency;
			target = FB81EC2F1F79FB9D00F61C4E /* testUnitTest */;
			targetProxy = FB81EC541F79FB9D00F61C4E /* PBXContainerItemProxy */;
		};
/* End PBXTargetDependency section */

/* Begin PBXVariantGroup section */
		FB81EC391F79FB9D00F61C4E /* Main.storyboard */ = {
			isa = PBXVariantGroup;
			children = (
				FB81EC3A1F79FB9D00F61C4E /* Base */,
			);
			name = Main.storyboard;
			sourceTree = "<group>";
		};
		FB81EC3E1F79FB9D00F61C4E /* LaunchScreen.storyboard */ = {
			isa = PBXVariantGroup;
			children = (
				FB81EC3F1F79FB9D00F61C4E /* Base */,
			);
			name = LaunchScreen.storyboard;
			sourceTree = "<group>";
		};
/* End PBXVariantGroup section */

/* Begin XCBuildConfiguration section */
		FB81EC5A1F79FB9D00F61C4E /* Debug */ = {
			isa = XCBuildConfiguration;
			buildSettings = {
				ALWAYS_SEARCH_USER_PATHS = NO;
				CLANG_ANALYZER_NONNULL = YES;
				CLANG_ANALYZER_NUMBER_OBJECT_CONVERSION = YES_AGGRESSIVE;
				CLANG_CXX_LANGUAGE_STANDARD = "gnu++14";
				CLANG_CXX_LIBRARY = "libc++";
				CLANG_ENABLE_MODULES = YES;
				CLANG_ENABLE_OBJC_ARC = YES;
				CLANG_WARN_BLOCK_CAPTURE_AUTORELEASING = YES;
				CLANG_WARN_BOOL_CONVERSION = YES;
				CLANG_WARN_COMMA = YES;
				CLANG_WARN_CONSTANT_CONVERSION = YES;
				CLANG_WARN_DIRECT_OBJC_ISA_USAGE = YES_ERROR;
				CLANG_WARN_DOCUMENTATION_COMMENTS = YES;
				CLANG_WARN_EMPTY_BODY = YES;
				CLANG_WARN_ENUM_CONVERSION = YES;
				CLANG_WARN_INFINITE_RECURSION = YES;
				CLANG_WARN_INT_CONVERSION = YES;
				CLANG_WARN_NON_LITERAL_NULL_CONVERSION = YES;
				CLANG_WARN_OBJC_LITERAL_CONVERSION = YES;
				CLANG_WARN_OBJC_ROOT_CLASS = YES_ERROR;
				CLANG_WARN_RANGE_LOOP_ANALYSIS = YES;
				CLANG_WARN_STRICT_PROTOTYPES = YES;
				CLANG_WARN_SUSPICIOUS_MOVE = YES;
				CLANG_WARN_UNGUARDED_AVAILABILITY = YES_AGGRESSIVE;
				CLANG_WARN_UNREACHABLE_CODE = YES;
				CLANG_WARN__DUPLICATE_METHOD_MATCH = YES;
				CODE_SIGN_IDENTITY = "iPhone Developer";
				COPY_PHASE_STRIP = NO;
				DEBUG_INFORMATION_FORMAT = dwarf;
				ENABLE_STRICT_OBJC_MSGSEND = YES;
				ENABLE_TESTABILITY = YES;
				GCC_C_LANGUAGE_STANDARD = gnu11;
				GCC_DYNAMIC_NO_PIC = NO;
				GCC_NO_COMMON_BLOCKS = YES;
				GCC_OPTIMIZATION_LEVEL = 0;
				GCC_PREPROCESSOR_DEFINITIONS = (
					"DEBUG=1",
					"$(inherited)",
				);
				GCC_WARN_64_TO_32_BIT_CONVERSION = YES;
				GCC_WARN_ABOUT_RETURN_TYPE = YES_ERROR;
				GCC_WARN_UNDECLARED_SELECTOR = YES;
				GCC_WARN_UNINITIALIZED_AUTOS = YES_AGGRESSIVE;
				GCC_WARN_UNUSED_FUNCTION = YES;
				GCC_WARN_UNUSED_VARIABLE = YES;
				IPHONEOS_DEPLOYMENT_TARGET = 11.0;
				MTL_ENABLE_DEBUG_INFO = YES;
				ONLY_ACTIVE_ARCH = YES;
				SDKROOT = iphoneos;
			};
			name = Debug;
		};
		FB81EC5B1F79FB9D00F61C4E /* Release */ = {
			isa = XCBuildConfiguration;
			buildSettings = {
				ALWAYS_SEARCH_USER_PATHS = NO;
				CLANG_ANALYZER_NONNULL = YES;
				CLANG_ANALYZER_NUMBER_OBJECT_CONVERSION = YES_AGGRESSIVE;
				CLANG_CXX_LANGUAGE_STANDARD = "gnu++14";
				CLANG_CXX_LIBRARY = "libc++";
				CLANG_ENABLE_MODULES = YES;
				CLANG_ENABLE_OBJC_ARC = YES;
				CLANG_WARN_BLOCK_CAPTURE_AUTORELEASING = YES;
				CLANG_WARN_BOOL_CONVERSION = YES;
				CLANG_WARN_COMMA = YES;
				CLANG_WARN_CONSTANT_CONVERSION = YES;
				CLANG_WARN_DIRECT_OBJC_ISA_USAGE = YES_ERROR;
				CLANG_WARN_DOCUMENTATION_COMMENTS = YES;
				CLANG_WARN_EMPTY_BODY = YES;
				CLANG_WARN_ENUM_CONVERSION = YES;
				CLANG_WARN_INFINITE_RECURSION = YES;
				CLANG_WARN_INT_CONVERSION = YES;
				CLANG_WARN_NON_LITERAL_NULL_CONVERSION = YES;
				CLANG_WARN_OBJC_LITERAL_CONVERSION = YES;
				CLANG_WARN_OBJC_ROOT_CLASS = YES_ERROR;
				CLANG_WARN_RANGE_LOOP_ANALYSIS = YES;
				CLANG_WARN_STRICT_PROTOTYPES = YES;
				CLANG_WARN_SUSPICIOUS_MOVE = YES;
				CLANG_WARN_UNGUARDED_AVAILABILITY = YES_AGGRESSIVE;
				CLANG_WARN_UNREACHABLE_CODE = YES;
				CLANG_WARN__DUPLICATE_METHOD_MATCH = YES;
				CODE_SIGN_IDENTITY = "iPhone Developer";
				COPY_PHASE_STRIP = NO;
				DEBUG_INFORMATION_FORMAT = "dwarf-with-dsym";
				ENABLE_NS_ASSERTIONS = NO;
				ENABLE_STRICT_OBJC_MSGSEND = YES;
				GCC_C_LANGUAGE_STANDARD = gnu11;
				GCC_NO_COMMON_BLOCKS = YES;
				GCC_WARN_64_TO_32_BIT_CONVERSION = YES;
				GCC_WARN_ABOUT_RETURN_TYPE = YES_ERROR;
				GCC_WARN_UNDECLARED_SELECTOR = YES;
				GCC_WARN_UNINITIALIZED_AUTOS = YES_AGGRESSIVE;
				GCC_WARN_UNUSED_FUNCTION = YES;
				GCC_WARN_UNUSED_VARIABLE = YES;
				IPHONEOS_DEPLOYMENT_TARGET = 11.0;
				MTL_ENABLE_DEBUG_INFO = NO;
				SDKROOT = iphoneos;
				VALIDATE_PRODUCT = YES;
			};
			name = Release;
		};
		FB81EC5D1F79FB9D00F61C4E /* Debug */ = {
			isa = XCBuildConfiguration;
			buildSettings = {
				ASSETCATALOG_COMPILER_APPICON_NAME = AppIcon;
				CODE_SIGN_STYLE = Automatic;
				DEVELOPMENT_TEAM = 92U93F5ZFJ;
				INFOPLIST_FILE = testUnitTest/Info.plist;
				LD_RUNPATH_SEARCH_PATHS = "$(inherited) @executable_path/Frameworks";
				PRODUCT_BUNDLE_IDENTIFIER = com.zhaoxu.testUnitTest;
				PRODUCT_NAME = "$(TARGET_NAME)";
				TARGETED_DEVICE_FAMILY = "1,2";
			};
			name = Debug;
		};
		FB81EC5E1F79FB9D00F61C4E /* Release */ = {
			isa = XCBuildConfiguration;
			buildSettings = {
				ASSETCATALOG_COMPILER_APPICON_NAME = AppIcon;
				CODE_SIGN_STYLE = Automatic;
				DEVELOPMENT_TEAM = 92U93F5ZFJ;
				INFOPLIST_FILE = testUnitTest/Info.plist;
				LD_RUNPATH_SEARCH_PATHS = "$(inherited) @executable_path/Frameworks";
				PRODUCT_BUNDLE_IDENTIFIER = com.zhaoxu.testUnitTest;
				PRODUCT_NAME = "$(TARGET_NAME)";
				TARGETED_DEVICE_FAMILY = "1,2";
			};
			name = Release;
		};
		FB81EC601F79FB9D00F61C4E /* Debug */ = {
			isa = XCBuildConfiguration;
			buildSettings = {
				BUNDLE_LOADER = "$(TEST_HOST)";
				CODE_SIGN_STYLE = Automatic;
				DEVELOPMENT_TEAM = 92U93F5ZFJ;
				INFOPLIST_FILE = testUnitTestTests/Info.plist;
				LD_RUNPATH_SEARCH_PATHS = "$(inherited) @executable_path/Frameworks @loader_path/Frameworks";
				PRODUCT_BUNDLE_IDENTIFIER = com.zhaoxu.testUnitTestTests;
				PRODUCT_NAME = "$(TARGET_NAME)";
				TARGETED_DEVICE_FAMILY = "1,2";
				TEST_HOST = "$(BUILT_PRODUCTS_DIR)/testUnitTest.app/testUnitTest";
			};
			name = Debug;
		};
		FB81EC611F79FB9D00F61C4E /* Release */ = {
			isa = XCBuildConfiguration;
			buildSettings = {
				BUNDLE_LOADER = "$(TEST_HOST)";
				CODE_SIGN_STYLE = Automatic;
				DEVELOPMENT_TEAM = 92U93F5ZFJ;
				INFOPLIST_FILE = testUnitTestTests/Info.plist;
				LD_RUNPATH_SEARCH_PATHS = "$(inherited) @executable_path/Frameworks @loader_path/Frameworks";
				PRODUCT_BUNDLE_IDENTIFIER = com.zhaoxu.testUnitTestTests;
				PRODUCT_NAME = "$(TARGET_NAME)";
				TARGETED_DEVICE_FAMILY = "1,2";
				TEST_HOST = "$(BUILT_PRODUCTS_DIR)/testUnitTest.app/testUnitTest";
			};
			name = Release;
		};
		FB81EC631F79FB9D00F61C4E /* Debug */ = {
			isa = XCBuildConfiguration;
			buildSettings = {
				CODE_SIGN_STYLE = Automatic;
				DEVELOPMENT_TEAM = 92U93F5ZFJ;
				INFOPLIST_FILE = testUnitTestUITests/Info.plist;
				LD_RUNPATH_SEARCH_PATHS = "$(inherited) @executable_path/Frameworks @loader_path/Frameworks";
				PRODUCT_BUNDLE_IDENTIFIER = com.zhaoxu.testUnitTestUITests;
				PRODUCT_NAME = "$(TARGET_NAME)";
				TARGETED_DEVICE_FAMILY = "1,2";
				TEST_TARGET_NAME = testUnitTest;
			};
			name = Debug;
		};
		FB81EC641F79FB9D00F61C4E /* Release */ = {
			isa = XCBuildConfiguration;
			buildSettings = {
				CODE_SIGN_STYLE = Automatic;
				DEVELOPMENT_TEAM = 92U93F5ZFJ;
				INFOPLIST_FILE = testUnitTestUITests/Info.plist;
				LD_RUNPATH_SEARCH_PATHS = "$(inherited) @executable_path/Frameworks @loader_path/Frameworks";
				PRODUCT_BUNDLE_IDENTIFIER = com.zhaoxu.testUnitTestUITests;
				PRODUCT_NAME = "$(TARGET_NAME)";
				TARGETED_DEVICE_FAMILY = "1,2";
				TEST_TARGET_NAME = testUnitTest;
			};
			name = Release;
		};
/* End XCBuildConfiguration section */

/* Begin XCConfigurationList section */
		FB81EC2B1F79FB9D00F61C4E /* Build configuration list for PBXProject "testUnitTest" */ = {
			isa = XCConfigurationList;
			buildConfigurations = (
				FB81EC5A1F79FB9D00F61C4E /* Debug */,
				FB81EC5B1F79FB9D00F61C4E /* Release */,
			);
			defaultConfigurationIsVisible = 0;
			defaultConfigurationName = Release;
		};
		FB81EC5C1F79FB9D00F61C4E /* Build configuration list for PBXNativeTarget "testUnitTest" */ = {
			isa = XCConfigurationList;
			buildConfigurations = (
				FB81EC5D1F79FB9D00F61C4E /* Debug */,
				FB81EC5E1F79FB9D00F61C4E /* Release */,
			);
			defaultConfigurationIsVisible = 0;
			defaultConfigurationName = Release;
		};
		FB81EC5F1F79FB9D00F61C4E /* Build configuration list for PBXNativeTarget "testUnitTestTests" */ = {
			isa = XCConfigurationList;
			buildConfigurations = (
				FB81EC601F79FB9D00F61C4E /* Debug */,
				FB81EC611F79FB9D00F61C4E /* Release */,
			);
			defaultConfigurationIsVisible = 0;
			defaultConfigurationName = Release;
		};
		FB81EC621F79FB9D00F61C4E /* Build configuration list for PBXNativeTarget "testUnitTestUITests" */ = {
			isa = XCConfigurationList;
			buildConfigurations = (
				FB81EC631F79FB9D00F61C4E /* Debug */,
				FB81EC641F79FB9D00F61C4E /* Release */,
			);
			defaultConfigurationIsVisible = 0;
			defaultConfigurationName = Release;
		};
/* End XCConfigurationList section */
	};
	rootObject = FB81EC281F79FB9D00F61C4E /* Project object */;
}
